
Microsoft Visual Studio Solution File, Format Version 12.00
# Visual Studio 15
VisualStudioVersion = 15.0.26124.0
MinimumVisualStudioVersion = 15.0.26124.0
Project("{9A19103F-16F7-4668-BE54-9A1E7A4F7556}") = "DeliveryService.Application.Command.Tests", "DeliveryService.Application.Command.Tests\DeliveryService.Application.Command.Tests.csproj", "{EF9E4EEB-211C-4D09-A797-D5AA9355F7F4}"
EndProject
Project("{9A19103F-16F7-4668-BE54-9A1E7A4F7556}") = "DeliveryService.Application.Query.Tests", "DeliveryService.Application.Query.Tests\DeliveryService.Application.Query.Tests.csproj", "{35CCEA7E-ED9F-4F7D-A1D3-4824F270FF8B}"
EndProject
Global
	GlobalSection(SolutionConfigurationPlatforms) = preSolution
		Debug|Any CPU = Debug|Any CPU
		Debug|x64 = Debug|x64
		Debug|x86 = Debug|x86
		Release|Any CPU = Release|Any CPU
		Release|x64 = Release|x64
		Release|x86 = Release|x86
	EndGlobalSection
	GlobalSection(ProjectConfigurationPlatforms) = postSolution
		{EF9E4EEB-211C-4D09-A797-D5AA9355F7F4}.Debug|Any CPU.ActiveCfg = Debug|Any CPU
		{EF9E4EEB-211C-4D09-A797-D5AA9355F7F4}.Debug|Any CPU.Build.0 = Debug|Any CPU
		{EF9E4EEB-211C-4D09-A797-D5AA9355F7F4}.Debug|x64.ActiveCfg = Debug|Any CPU
		{EF9E4EEB-211C-4D09-A797-D5AA9355F7F4}.Debug|x64.Build.0 = Debug|Any CPU
		{EF9E4EEB-211C-4D09-A797-D5AA9355F7F4}.Debug|x86.ActiveCfg = Debug|Any CPU
		{EF9E4EEB-211C-4D09-A797-D5AA9355F7F4}.Debug|x86.Build.0 = Debug|Any CPU
		{EF9E4EEB-211C-4D09-A797-D5AA9355F7F4}.Release|Any CPU.ActiveCfg = Release|Any CPU
		{EF9E4EEB-211C-4D09-A797-D5AA9355F7F4}.Release|Any CPU.Build.0 = Release|Any CPU
		{EF9E4EEB-211C-4D09-A797-D5AA9355F7F4}.Release|x64.ActiveCfg = Release|Any CPU
		{EF9E4EEB-211C-4D09-A797-D5AA9355F7F4}.Release|x64.Build.0 = Release|Any CPU
		{EF9E4EEB-211C-4D09-A797-D5AA9355F7F4}.Release|x86.ActiveCfg = Release|Any CPU
		{EF9E4EEB-211C-4D09-A797-D5AA9355F7F4}.Release|x86.Build.0 = Release|Any CPU
		{35CCEA7E-ED9F-4F7D-A1D3-4824F270FF8B}.Debug|Any CPU.ActiveCfg = Debug|Any CPU
		{35CCEA7E-ED9F-4F7D-A1D3-4824F270FF8B}.Debug|Any CPU.Build.0 = Debug|Any CPU
		{35CCEA7E-ED9F-4F7D-A1D3-4824F270FF8B}.Debug|x64.ActiveCfg = Debug|Any CPU
		{35CCEA7E-ED9F-4F7D-A1D3-4824F270FF8B}.Debug|x64.Build.0 = Debug|Any CPU
		{35CCEA7E-ED9F-4F7D-A1D3-4824F270FF8B}.Debug|x86.ActiveCfg = Debug|Any CPU
		{35CCEA7E-ED9F-4F7D-A1D3-4824F270FF8B}.Debug|x86.Build.0 = Debug|Any CPU
		{35CCEA7E-ED9F-4F7D-A1D3-4824F270FF8B}.Release|Any CPU.ActiveCfg = Release|Any CPU
		{35CCEA7E-ED9F-4F7D-A1D3-4824F270FF8B}.Release|Any CPU.Build.0 = Release|Any CPU
		{35CCEA7E-ED9F-4F7D-A1D3-4824F270FF8B}.Release|x64.ActiveCfg = Release|Any CPU
		{35CCEA7E-ED9F-4F7D-A1D3-4824F270FF8B}.Release|x64.Build.0 = Release|Any CPU
		{35CCEA7E-ED9F-4F7D-A1D3-4824F270FF8B}.Release|x86.ActiveCfg = Release|Any CPU
		{35CCEA7E-ED9F-4F7D-A1D3-4824F270FF8B}.Release|x86.Build.0 = Release|Any CPU
	EndGlobalSection
	GlobalSection(SolutionProperties) = preSolution
		HideSolutionNode = FALSE
	EndGlobalSection
	GlobalSection(ExtensibilityGlobals) = postSolution
		SolutionGuid = {B55A698E-B31C-4390-822A-23636D57630B}
	EndGlobalSection
EndGlobal
